
Microsoft Visual Studio Solution File, Format Version 12.00
# Visual Studio Version 17
VisualStudioVersion = 17.3.32929.385
MinimumVisualStudioVersion = 10.0.40219.1
Project("{FAE04EC0-301F-11D3-BF4B-00C04F79EFBC}") = "predemo", "predemo\predemo.csproj", "{2430ED45-0F28-4104-9390-8A01D0A4B62E}"
EndProject
Project("{FAE04EC0-301F-11D3-BF4B-00C04F79EFBC}") = "ClassLibrary", "ClassLibrary\ClassLibrary.csproj", "{4208B756-8768-4E18-983C-A0511BBE869A}"
EndProject
Global
	GlobalSection(SolutionConfigurationPlatforms) = preSolution
		Debug|Any CPU = Debug|Any CPU
		Release|Any CPU = Release|Any CPU
	EndGlobalSection
	GlobalSection(ProjectConfigurationPlatforms) = postSolution
		{2430ED45-0F28-4104-9390-8A01D0A4B62E}.Debug|Any CPU.ActiveCfg = Debug|Any CPU
		{2430ED45-0F28-4104-9390-8A01D0A4B62E}.Debug|Any CPU.Build.0 = Debug|Any CPU
		{2430ED45-0F28-4104-9390-8A01D0A4B62E}.Release|Any CPU.ActiveCfg = Release|Any CPU
		{2430ED45-0F28-4104-9390-8A01D0A4B62E}.Release|Any CPU.Build.0 = Release|Any CPU
		{4208B756-8768-4E18-983C-A0511BBE869A}.Debug|Any CPU.ActiveCfg = Debug|Any CPU
		{4208B756-8768-4E18-983C-A0511BBE869A}.Debug|Any CPU.Build.0 = Debug|Any CPU
		{4208B756-8768-4E18-983C-A0511BBE869A}.Release|Any CPU.ActiveCfg = Release|Any CPU
		{4208B756-8768-4E18-983C-A0511BBE869A}.Release|Any CPU.Build.0 = Release|Any CPU
	EndGlobalSection
	GlobalSection(SolutionProperties) = preSolution
		HideSolutionNode = FALSE
	EndGlobalSection
	GlobalSection(ExtensibilityGlobals) = postSolution
		SolutionGuid = {568E738D-6788-44D8-A83B-FBD3FFA4B3D4}
	EndGlobalSection
EndGlobal
